// !$*UTF8*$!
{
	archiveVersion = 1;
	classes = {
	};
	objectVersion = 50;
	objects = {

/* Begin PBXBuildFile section */
		0239D2C62077F7E700F70FEF /* Feed+Functions.swift in Sources */ = {isa = PBXBuildFile; fileRef = 0239D2C52077F7E700F70FEF /* Feed+Functions.swift */; };
		0239D2C82078014900F70FEF /* StoryModel.swift in Sources */ = {isa = PBXBuildFile; fileRef = 0239D2C72078014900F70FEF /* StoryModel.swift */; };
		0239D2CA2078096300F70FEF /* Story+Functions.swift in Sources */ = {isa = PBXBuildFile; fileRef = 0239D2C92078096300F70FEF /* Story+Functions.swift */; };
		0239D2CC2078E31A00F70FEF /* DownloadService.swift in Sources */ = {isa = PBXBuildFile; fileRef = 0239D2CB2078E31A00F70FEF /* DownloadService.swift */; };
		0239D2D5207966DA00F70FEF /* StoriesListBuilder.swift in Sources */ = {isa = PBXBuildFile; fileRef = 0239D2D4207966DA00F70FEF /* StoriesListBuilder.swift */; };
		0239D2D72079672300F70FEF /* StoriesListViewController.swift in Sources */ = {isa = PBXBuildFile; fileRef = 0239D2D62079672300F70FEF /* StoriesListViewController.swift */; };
		0239D2D92079678800F70FEF /* StoriesListView.swift in Sources */ = {isa = PBXBuildFile; fileRef = 0239D2D82079678800F70FEF /* StoriesListView.swift */; };
		0239D2DB2079693D00F70FEF /* FeedListView.swift in Sources */ = {isa = PBXBuildFile; fileRef = 0239D2DA2079693C00F70FEF /* FeedListView.swift */; };
		0239D2DD2079697700F70FEF /* StoriesListPresentation.swift in Sources */ = {isa = PBXBuildFile; fileRef = 0239D2DC2079697700F70FEF /* StoriesListPresentation.swift */; };
		0239D2DF207969DF00F70FEF /* StoriesListPresenter.swift in Sources */ = {isa = PBXBuildFile; fileRef = 0239D2DE207969DF00F70FEF /* StoriesListPresenter.swift */; };
		0239D2E120796AD400F70FEF /* StoriesListUseCase.swift in Sources */ = {isa = PBXBuildFile; fileRef = 0239D2E020796AD400F70FEF /* StoriesListUseCase.swift */; };
		0239D2E320796B0000F70FEF /* StoriesListInteractor.swift in Sources */ = {isa = PBXBuildFile; fileRef = 0239D2E220796B0000F70FEF /* StoriesListInteractor.swift */; };
		0239D2E520796BA100F70FEF /* StoriesListRouter.swift in Sources */ = {isa = PBXBuildFile; fileRef = 0239D2E420796BA100F70FEF /* StoriesListRouter.swift */; };
		0239D2E720796BC700F70FEF /* StoriesListWireframe.swift in Sources */ = {isa = PBXBuildFile; fileRef = 0239D2E620796BC700F70FEF /* StoriesListWireframe.swift */; };
		0239D2E920796DB900F70FEF /* StoryListTableViewCell.swift in Sources */ = {isa = PBXBuildFile; fileRef = 0239D2E820796DB900F70FEF /* StoryListTableViewCell.swift */; };
		026088E02077720C00DC57BC /* ParseManager.swift in Sources */ = {isa = PBXBuildFile; fileRef = 026088DF2077720C00DC57BC /* ParseManager.swift */; };
		026088EA2077BBAD00DC57BC /* CoreDataManager.swift in Sources */ = {isa = PBXBuildFile; fileRef = 026088E92077BBAD00DC57BC /* CoreDataManager.swift */; };
		02B6849C20761215002A8BD9 /* AppDelegate.swift in Sources */ = {isa = PBXBuildFile; fileRef = 02B6849B20761215002A8BD9 /* AppDelegate.swift */; };
		02B6849E20761215002A8BD9 /* FeedListViewController.swift in Sources */ = {isa = PBXBuildFile; fileRef = 02B6849D20761215002A8BD9 /* FeedListViewController.swift */; };
		02B684A120761215002A8BD9 /* Stories.storyboard in Resources */ = {isa = PBXBuildFile; fileRef = 02B6849F20761215002A8BD9 /* Stories.storyboard */; };
		02B684A420761215002A8BD9 /* Feeder.xcdatamodeld in Sources */ = {isa = PBXBuildFile; fileRef = 02B684A220761215002A8BD9 /* Feeder.xcdatamodeld */; };
		02B684A620761216002A8BD9 /* Assets.xcassets in Resources */ = {isa = PBXBuildFile; fileRef = 02B684A520761216002A8BD9 /* Assets.xcassets */; };
		02B684A920761216002A8BD9 /* LaunchScreen.storyboard in Resources */ = {isa = PBXBuildFile; fileRef = 02B684A720761216002A8BD9 /* LaunchScreen.storyboard */; };
		02B684B420761216002A8BD9 /* FeederTests.swift in Sources */ = {isa = PBXBuildFile; fileRef = 02B684B320761216002A8BD9 /* FeederTests.swift */; };
		02B684BF20761216002A8BD9 /* FeederUITests.swift in Sources */ = {isa = PBXBuildFile; fileRef = 02B684BE20761216002A8BD9 /* FeederUITests.swift */; };
		02B684DA20761A92002A8BD9 /* InitialListBuilder.swift in Sources */ = {isa = PBXBuildFile; fileRef = 02B684D920761A92002A8BD9 /* InitialListBuilder.swift */; };
		02B684DC20761AA1002A8BD9 /* FeedListRouter.swift in Sources */ = {isa = PBXBuildFile; fileRef = 02B684DB20761AA1002A8BD9 /* FeedListRouter.swift */; };
		02B684DE20761AAD002A8BD9 /* FeedListInteractor.swift in Sources */ = {isa = PBXBuildFile; fileRef = 02B684DD20761AAD002A8BD9 /* FeedListInteractor.swift */; };
		02B684E020761AB9002A8BD9 /* FeedListPresenter.swift in Sources */ = {isa = PBXBuildFile; fileRef = 02B684DF20761AB9002A8BD9 /* FeedListPresenter.swift */; };
		02B684E520761B69002A8BD9 /* FeedListWireframe.swift in Sources */ = {isa = PBXBuildFile; fileRef = 02B684E420761B69002A8BD9 /* FeedListWireframe.swift */; };
		02B684E720761B7F002A8BD9 /* FeedListUseCase.swift in Sources */ = {isa = PBXBuildFile; fileRef = 02B684E620761B7F002A8BD9 /* FeedListUseCase.swift */; };
		02B684E920761B8C002A8BD9 /* FeedListPesentation.swift in Sources */ = {isa = PBXBuildFile; fileRef = 02B684E820761B8C002A8BD9 /* FeedListPesentation.swift */; };
		02B684F12076485B002A8BD9 /* ViewPresentation.swift in Sources */ = {isa = PBXBuildFile; fileRef = 02B684F02076485B002A8BD9 /* ViewPresentation.swift */; };
		02B684F320764967002A8BD9 /* Wireframe.swift in Sources */ = {isa = PBXBuildFile; fileRef = 02B684F220764967002A8BD9 /* Wireframe.swift */; };
		02B684F520764A0E002A8BD9 /* UseCase.swift in Sources */ = {isa = PBXBuildFile; fileRef = 02B684F420764A0E002A8BD9 /* UseCase.swift */; };
		02FFCA5220765AB3004AA345 /* FeedTableViewCell.swift in Sources */ = {isa = PBXBuildFile; fileRef = 02FFCA5020765AB3004AA345 /* FeedTableViewCell.swift */; };
		02FFCA5520765B56004AA345 /* Constant.swift in Sources */ = {isa = PBXBuildFile; fileRef = 02FFCA5420765B56004AA345 /* Constant.swift */; };
		02FFCA5820766230004AA345 /* UIColor+Extension.swift in Sources */ = {isa = PBXBuildFile; fileRef = 02FFCA5720766230004AA345 /* UIColor+Extension.swift */; };
		02FFCA5B2076B4C8004AA345 /* FeedModel.swift in Sources */ = {isa = PBXBuildFile; fileRef = 02FFCA5A2076B4C8004AA345 /* FeedModel.swift */; };
		A80A37B20044039C749945EF /* Pods_Feeder.framework in Frameworks */ = {isa = PBXBuildFile; fileRef = 11EE2AB5986986FDAF528DBD /* Pods_Feeder.framework */; };
		C5DED7417C66578206238870 /* Pods_FeederUITests.framework in Frameworks */ = {isa = PBXBuildFile; fileRef = 3E893B60B6473F2361C5D844 /* Pods_FeederUITests.framework */; };
		F533267B53489B3030CDCFC0 /* Pods_FeederTests.framework in Frameworks */ = {isa = PBXBuildFile; fileRef = 53B9FEDF479C4ACC765BE6FD /* Pods_FeederTests.framework */; };
/* End PBXBuildFile section */

/* Begin PBXContainerItemProxy section */
		02B684B020761216002A8BD9 /* PBXContainerItemProxy */ = {
			isa = PBXContainerItemProxy;
			containerPortal = 02B6849020761215002A8BD9 /* Project object */;
			proxyType = 1;
			remoteGlobalIDString = 02B6849720761215002A8BD9;
			remoteInfo = Feeder;
		};
		02B684BB20761216002A8BD9 /* PBXContainerItemProxy */ = {
			isa = PBXContainerItemProxy;
			containerPortal = 02B6849020761215002A8BD9 /* Project object */;
			proxyType = 1;
			remoteGlobalIDString = 02B6849720761215002A8BD9;
			remoteInfo = Feeder;
		};
/* End PBXContainerItemProxy section */

/* Begin PBXFileReference section */
		0239D2C52077F7E700F70FEF /* Feed+Functions.swift */ = {isa = PBXFileReference; lastKnownFileType = sourcecode.swift; path = "Feed+Functions.swift"; sourceTree = "<group>"; };
		0239D2C72078014900F70FEF /* StoryModel.swift */ = {isa = PBXFileReference; lastKnownFileType = sourcecode.swift; path = StoryModel.swift; sourceTree = "<group>"; };
		0239D2C92078096300F70FEF /* Story+Functions.swift */ = {isa = PBXFileReference; lastKnownFileType = sourcecode.swift; path = "Story+Functions.swift"; sourceTree = "<group>"; };
		0239D2CB2078E31A00F70FEF /* DownloadService.swift */ = {isa = PBXFileReference; lastKnownFileType = sourcecode.swift; path = DownloadService.swift; sourceTree = "<group>"; };
		0239D2D4207966DA00F70FEF /* StoriesListBuilder.swift */ = {isa = PBXFileReference; lastKnownFileType = sourcecode.swift; path = StoriesListBuilder.swift; sourceTree = "<group>"; };
		0239D2D62079672300F70FEF /* StoriesListViewController.swift */ = {isa = PBXFileReference; lastKnownFileType = sourcecode.swift; path = StoriesListViewController.swift; sourceTree = "<group>"; };
		0239D2D82079678800F70FEF /* StoriesListView.swift */ = {isa = PBXFileReference; lastKnownFileType = sourcecode.swift; path = StoriesListView.swift; sourceTree = "<group>"; };
		0239D2DA2079693C00F70FEF /* FeedListView.swift */ = {isa = PBXFileReference; fileEncoding = 4; lastKnownFileType = sourcecode.swift; path = FeedListView.swift; sourceTree = "<group>"; };
		0239D2DC2079697700F70FEF /* StoriesListPresentation.swift */ = {isa = PBXFileReference; lastKnownFileType = sourcecode.swift; path = StoriesListPresentation.swift; sourceTree = "<group>"; };
		0239D2DE207969DF00F70FEF /* StoriesListPresenter.swift */ = {isa = PBXFileReference; lastKnownFileType = sourcecode.swift; path = StoriesListPresenter.swift; sourceTree = "<group>"; };
		0239D2E020796AD400F70FEF /* StoriesListUseCase.swift */ = {isa = PBXFileReference; lastKnownFileType = sourcecode.swift; path = StoriesListUseCase.swift; sourceTree = "<group>"; };
		0239D2E220796B0000F70FEF /* StoriesListInteractor.swift */ = {isa = PBXFileReference; lastKnownFileType = sourcecode.swift; path = StoriesListInteractor.swift; sourceTree = "<group>"; };
		0239D2E420796BA100F70FEF /* StoriesListRouter.swift */ = {isa = PBXFileReference; lastKnownFileType = sourcecode.swift; path = StoriesListRouter.swift; sourceTree = "<group>"; };
		0239D2E620796BC700F70FEF /* StoriesListWireframe.swift */ = {isa = PBXFileReference; lastKnownFileType = sourcecode.swift; path = StoriesListWireframe.swift; sourceTree = "<group>"; };
		0239D2E820796DB900F70FEF /* StoryListTableViewCell.swift */ = {isa = PBXFileReference; lastKnownFileType = sourcecode.swift; path = StoryListTableViewCell.swift; sourceTree = "<group>"; };
		026088DF2077720C00DC57BC /* ParseManager.swift */ = {isa = PBXFileReference; lastKnownFileType = sourcecode.swift; path = ParseManager.swift; sourceTree = "<group>"; };
		026088E92077BBAD00DC57BC /* CoreDataManager.swift */ = {isa = PBXFileReference; lastKnownFileType = sourcecode.swift; path = CoreDataManager.swift; sourceTree = "<group>"; };
		02B6849820761215002A8BD9 /* Feeder.app */ = {isa = PBXFileReference; explicitFileType = wrapper.application; includeInIndex = 0; path = Feeder.app; sourceTree = BUILT_PRODUCTS_DIR; };
		02B6849B20761215002A8BD9 /* AppDelegate.swift */ = {isa = PBXFileReference; lastKnownFileType = sourcecode.swift; path = AppDelegate.swift; sourceTree = "<group>"; };
		02B6849D20761215002A8BD9 /* FeedListViewController.swift */ = {isa = PBXFileReference; lastKnownFileType = sourcecode.swift; path = FeedListViewController.swift; sourceTree = "<group>"; };
		02B684A020761215002A8BD9 /* Base */ = {isa = PBXFileReference; lastKnownFileType = file.storyboard; name = Base; path = Base.lproj/Stories.storyboard; sourceTree = "<group>"; };
		02B684A320761215002A8BD9 /* Feeder.xcdatamodel */ = {isa = PBXFileReference; lastKnownFileType = wrapper.xcdatamodel; path = Feeder.xcdatamodel; sourceTree = "<group>"; };
		02B684A520761216002A8BD9 /* Assets.xcassets */ = {isa = PBXFileReference; lastKnownFileType = folder.assetcatalog; path = Assets.xcassets; sourceTree = "<group>"; };
		02B684A820761216002A8BD9 /* Base */ = {isa = PBXFileReference; lastKnownFileType = file.storyboard; name = Base; path = Base.lproj/LaunchScreen.storyboard; sourceTree = "<group>"; };
		02B684AA20761216002A8BD9 /* Info.plist */ = {isa = PBXFileReference; lastKnownFileType = text.plist.xml; path = Info.plist; sourceTree = "<group>"; };
		02B684AF20761216002A8BD9 /* FeederTests.xctest */ = {isa = PBXFileReference; explicitFileType = wrapper.cfbundle; includeInIndex = 0; path = FeederTests.xctest; sourceTree = BUILT_PRODUCTS_DIR; };
		02B684B320761216002A8BD9 /* FeederTests.swift */ = {isa = PBXFileReference; lastKnownFileType = sourcecode.swift; path = FeederTests.swift; sourceTree = "<group>"; };
		02B684B520761216002A8BD9 /* Info.plist */ = {isa = PBXFileReference; lastKnownFileType = text.plist.xml; path = Info.plist; sourceTree = "<group>"; };
		02B684BA20761216002A8BD9 /* FeederUITests.xctest */ = {isa = PBXFileReference; explicitFileType = wrapper.cfbundle; includeInIndex = 0; path = FeederUITests.xctest; sourceTree = BUILT_PRODUCTS_DIR; };
		02B684BE20761216002A8BD9 /* FeederUITests.swift */ = {isa = PBXFileReference; lastKnownFileType = sourcecode.swift; path = FeederUITests.swift; sourceTree = "<group>"; };
		02B684C020761216002A8BD9 /* Info.plist */ = {isa = PBXFileReference; lastKnownFileType = text.plist.xml; path = Info.plist; sourceTree = "<group>"; };
		02B684D920761A92002A8BD9 /* InitialListBuilder.swift */ = {isa = PBXFileReference; lastKnownFileType = sourcecode.swift; path = InitialListBuilder.swift; sourceTree = "<group>"; };
		02B684DB20761AA1002A8BD9 /* FeedListRouter.swift */ = {isa = PBXFileReference; lastKnownFileType = sourcecode.swift; path = FeedListRouter.swift; sourceTree = "<group>"; };
		02B684DD20761AAD002A8BD9 /* FeedListInteractor.swift */ = {isa = PBXFileReference; lastKnownFileType = sourcecode.swift; path = FeedListInteractor.swift; sourceTree = "<group>"; };
		02B684DF20761AB9002A8BD9 /* FeedListPresenter.swift */ = {isa = PBXFileReference; lastKnownFileType = sourcecode.swift; path = FeedListPresenter.swift; sourceTree = "<group>"; };
		02B684E420761B69002A8BD9 /* FeedListWireframe.swift */ = {isa = PBXFileReference; lastKnownFileType = sourcecode.swift; path = FeedListWireframe.swift; sourceTree = "<group>"; };
		02B684E620761B7F002A8BD9 /* FeedListUseCase.swift */ = {isa = PBXFileReference; lastKnownFileType = sourcecode.swift; path = FeedListUseCase.swift; sourceTree = "<group>"; };
		02B684E820761B8C002A8BD9 /* FeedListPesentation.swift */ = {isa = PBXFileReference; lastKnownFileType = sourcecode.swift; path = FeedListPesentation.swift; sourceTree = "<group>"; };
		02B684F02076485B002A8BD9 /* ViewPresentation.swift */ = {isa = PBXFileReference; lastKnownFileType = sourcecode.swift; path = ViewPresentation.swift; sourceTree = "<group>"; };
		02B684F220764967002A8BD9 /* Wireframe.swift */ = {isa = PBXFileReference; lastKnownFileType = sourcecode.swift; path = Wireframe.swift; sourceTree = "<group>"; };
		02B684F420764A0E002A8BD9 /* UseCase.swift */ = {isa = PBXFileReference; lastKnownFileType = sourcecode.swift; path = UseCase.swift; sourceTree = "<group>"; };
		02FFCA5020765AB3004AA345 /* FeedTableViewCell.swift */ = {isa = PBXFileReference; lastKnownFileType = sourcecode.swift; path = FeedTableViewCell.swift; sourceTree = "<group>"; };
		02FFCA5420765B56004AA345 /* Constant.swift */ = {isa = PBXFileReference; lastKnownFileType = sourcecode.swift; path = Constant.swift; sourceTree = "<group>"; };
		02FFCA5720766230004AA345 /* UIColor+Extension.swift */ = {isa = PBXFileReference; lastKnownFileType = sourcecode.swift; path = "UIColor+Extension.swift"; sourceTree = "<group>"; };
		02FFCA5A2076B4C8004AA345 /* FeedModel.swift */ = {isa = PBXFileReference; lastKnownFileType = sourcecode.swift; path = FeedModel.swift; sourceTree = "<group>"; };
		0423F713D899989356ECC3E9 /* Pods-FeederTests.release.xcconfig */ = {isa = PBXFileReference; includeInIndex = 1; lastKnownFileType = text.xcconfig; name = "Pods-FeederTests.release.xcconfig"; path = "Pods/Target Support Files/Pods-FeederTests/Pods-FeederTests.release.xcconfig"; sourceTree = "<group>"; };
		11EE2AB5986986FDAF528DBD /* Pods_Feeder.framework */ = {isa = PBXFileReference; explicitFileType = wrapper.framework; includeInIndex = 0; path = Pods_Feeder.framework; sourceTree = BUILT_PRODUCTS_DIR; };
		240264F057B6C30BD2CCC5F1 /* Pods-FeederUITests.release.xcconfig */ = {isa = PBXFileReference; includeInIndex = 1; lastKnownFileType = text.xcconfig; name = "Pods-FeederUITests.release.xcconfig"; path = "Pods/Target Support Files/Pods-FeederUITests/Pods-FeederUITests.release.xcconfig"; sourceTree = "<group>"; };
		3E893B60B6473F2361C5D844 /* Pods_FeederUITests.framework */ = {isa = PBXFileReference; explicitFileType = wrapper.framework; includeInIndex = 0; path = Pods_FeederUITests.framework; sourceTree = BUILT_PRODUCTS_DIR; };
		4A7D68126E852493C23057F5 /* Pods-FeederTests.debug.xcconfig */ = {isa = PBXFileReference; includeInIndex = 1; lastKnownFileType = text.xcconfig; name = "Pods-FeederTests.debug.xcconfig"; path = "Pods/Target Support Files/Pods-FeederTests/Pods-FeederTests.debug.xcconfig"; sourceTree = "<group>"; };
		53B9FEDF479C4ACC765BE6FD /* Pods_FeederTests.framework */ = {isa = PBXFileReference; explicitFileType = wrapper.framework; includeInIndex = 0; path = Pods_FeederTests.framework; sourceTree = BUILT_PRODUCTS_DIR; };
		978899D4B0B1269B900656E7 /* Pods-FeederUITests.debug.xcconfig */ = {isa = PBXFileReference; includeInIndex = 1; lastKnownFileType = text.xcconfig; name = "Pods-FeederUITests.debug.xcconfig"; path = "Pods/Target Support Files/Pods-FeederUITests/Pods-FeederUITests.debug.xcconfig"; sourceTree = "<group>"; };
		B3B978F4FDF4BF679563C1C0 /* Pods-Feeder.debug.xcconfig */ = {isa = PBXFileReference; includeInIndex = 1; lastKnownFileType = text.xcconfig; name = "Pods-Feeder.debug.xcconfig"; path = "Pods/Target Support Files/Pods-Feeder/Pods-Feeder.debug.xcconfig"; sourceTree = "<group>"; };
		D3B9E9B2C631A4E02C1E3BB4 /* Pods-Feeder.release.xcconfig */ = {isa = PBXFileReference; includeInIndex = 1; lastKnownFileType = text.xcconfig; name = "Pods-Feeder.release.xcconfig"; path = "Pods/Target Support Files/Pods-Feeder/Pods-Feeder.release.xcconfig"; sourceTree = "<group>"; };
/* End PBXFileReference section */

/* Begin PBXFrameworksBuildPhase section */
		02B6849520761215002A8BD9 /* Frameworks */ = {
			isa = PBXFrameworksBuildPhase;
			buildActionMask = 2147483647;
			files = (
				A80A37B20044039C749945EF /* Pods_Feeder.framework in Frameworks */,
			);
			runOnlyForDeploymentPostprocessing = 0;
		};
		02B684AC20761216002A8BD9 /* Frameworks */ = {
			isa = PBXFrameworksBuildPhase;
			buildActionMask = 2147483647;
			files = (
				F533267B53489B3030CDCFC0 /* Pods_FeederTests.framework in Frameworks */,
			);
			runOnlyForDeploymentPostprocessing = 0;
		};
		02B684B720761216002A8BD9 /* Frameworks */ = {
			isa = PBXFrameworksBuildPhase;
			buildActionMask = 2147483647;
			files = (
				C5DED7417C66578206238870 /* Pods_FeederUITests.framework in Frameworks */,
			);
			runOnlyForDeploymentPostprocessing = 0;
		};
/* End PBXFrameworksBuildPhase section */

/* Begin PBXGroup section */
		0239D2CD207964A000F70FEF /* StoriesModule */ = {
			isa = PBXGroup;
			children = (
				0239D2CE207964F900F70FEF /* Builder */,
				0239D2CF207965DC00F70FEF /* View */,
				0239D2D0207965E400F70FEF /* Router */,
				0239D2D1207965EE00F70FEF /* Interactor */,
				0239D2D2207965F600F70FEF /* Presenter */,
			);
			path = StoriesModule;
			sourceTree = "<group>";
		};
		0239D2CE207964F900F70FEF /* Builder */ = {
			isa = PBXGroup;
			children = (
				0239D2D4207966DA00F70FEF /* StoriesListBuilder.swift */,
			);
			path = Builder;
			sourceTree = "<group>";
		};
		0239D2CF207965DC00F70FEF /* View */ = {
			isa = PBXGroup;
			children = (
				0239D2D32079661D00F70FEF /* Layout */,
				0239D2D62079672300F70FEF /* StoriesListViewController.swift */,
				0239D2D82079678800F70FEF /* StoriesListView.swift */,
			);
			path = View;
			sourceTree = "<group>";
		};
		0239D2D0207965E400F70FEF /* Router */ = {
			isa = PBXGroup;
			children = (
				0239D2E420796BA100F70FEF /* StoriesListRouter.swift */,
				0239D2E620796BC700F70FEF /* StoriesListWireframe.swift */,
			);
			path = Router;
			sourceTree = "<group>";
		};
		0239D2D1207965EE00F70FEF /* Interactor */ = {
			isa = PBXGroup;
			children = (
				0239D2E220796B0000F70FEF /* StoriesListInteractor.swift */,
				0239D2E020796AD400F70FEF /* StoriesListUseCase.swift */,
			);
			path = Interactor;
			sourceTree = "<group>";
		};
		0239D2D2207965F600F70FEF /* Presenter */ = {
			isa = PBXGroup;
			children = (
				0239D2DC2079697700F70FEF /* StoriesListPresentation.swift */,
				0239D2DE207969DF00F70FEF /* StoriesListPresenter.swift */,
			);
			path = Presenter;
			sourceTree = "<group>";
		};
		0239D2D32079661D00F70FEF /* Layout */ = {
			isa = PBXGroup;
			children = (
				0239D2E820796DB900F70FEF /* StoryListTableViewCell.swift */,
				02B6849F20761215002A8BD9 /* Stories.storyboard */,
			);
			path = Layout;
			sourceTree = "<group>";
		};
		02B6848F20761215002A8BD9 = {
			isa = PBXGroup;
			children = (
				02B6849A20761215002A8BD9 /* Feeder */,
				02B684B220761216002A8BD9 /* FeederTests */,
				02B684BD20761216002A8BD9 /* FeederUITests */,
				02B6849920761215002A8BD9 /* Products */,
				777FD4CD412E81750B4CC39E /* Pods */,
				44BA79C894C17A4E1AC40190 /* Frameworks */,
			);
			sourceTree = "<group>";
		};
		02B6849920761215002A8BD9 /* Products */ = {
			isa = PBXGroup;
			children = (
				02B6849820761215002A8BD9 /* Feeder.app */,
				02B684AF20761216002A8BD9 /* FeederTests.xctest */,
				02B684BA20761216002A8BD9 /* FeederUITests.xctest */,
			);
			name = Products;
			sourceTree = "<group>";
		};
		02B6849A20761215002A8BD9 /* Feeder */ = {
			isa = PBXGroup;
			children = (
				02FFCA592076B4A1004AA345 /* Entity */,
				02B684CE207617A2002A8BD9 /* Modules */,
				02B684CD20761778002A8BD9 /* Persistance */,
				02B684CC20761748002A8BD9 /* ConvFiles */,
				02B684D0207617CB002A8BD9 /* Services */,
				02B684CF207617C1002A8BD9 /* Managers */,
				02FFCA56207661F3004AA345 /* Extension */,
			);
			path = Feeder;
			sourceTree = "<group>";
		};
		02B684B220761216002A8BD9 /* FeederTests */ = {
			isa = PBXGroup;
			children = (
				02B684B320761216002A8BD9 /* FeederTests.swift */,
				02B684B520761216002A8BD9 /* Info.plist */,
			);
			path = FeederTests;
			sourceTree = "<group>";
		};
		02B684BD20761216002A8BD9 /* FeederUITests */ = {
			isa = PBXGroup;
			children = (
				02B684BE20761216002A8BD9 /* FeederUITests.swift */,
				02B684C020761216002A8BD9 /* Info.plist */,
			);
			path = FeederUITests;
			sourceTree = "<group>";
		};
		02B684CC20761748002A8BD9 /* ConvFiles */ = {
			isa = PBXGroup;
			children = (
				02FFCA5420765B56004AA345 /* Constant.swift */,
				02B6849B20761215002A8BD9 /* AppDelegate.swift */,
				02B684A520761216002A8BD9 /* Assets.xcassets */,
				02B684A720761216002A8BD9 /* LaunchScreen.storyboard */,
				02B684AA20761216002A8BD9 /* Info.plist */,
			);
			path = ConvFiles;
			sourceTree = "<group>";
		};
		02B684CD20761778002A8BD9 /* Persistance */ = {
			isa = PBXGroup;
			children = (
				02B684A220761215002A8BD9 /* Feeder.xcdatamodeld */,
				0239D2C52077F7E700F70FEF /* Feed+Functions.swift */,
				0239D2C92078096300F70FEF /* Story+Functions.swift */,
			);
			path = Persistance;
			sourceTree = "<group>";
		};
		02B684CE207617A2002A8BD9 /* Modules */ = {
			isa = PBXGroup;
			children = (
				02B684EA20762C73002A8BD9 /* BaseModule */,
				02B684D1207617DC002A8BD9 /* InitialModule */,
				0239D2CD207964A000F70FEF /* StoriesModule */,
			);
			path = Modules;
			sourceTree = "<group>";
		};
		02B684CF207617C1002A8BD9 /* Managers */ = {
			isa = PBXGroup;
			children = (
				026088DF2077720C00DC57BC /* ParseManager.swift */,
				026088E92077BBAD00DC57BC /* CoreDataManager.swift */,
			);
			path = Managers;
			sourceTree = "<group>";
		};
		02B684D0207617CB002A8BD9 /* Services */ = {
			isa = PBXGroup;
			children = (
				0239D2CB2078E31A00F70FEF /* DownloadService.swift */,
			);
			path = Services;
			sourceTree = "<group>";
		};
		02B684D1207617DC002A8BD9 /* InitialModule */ = {
			isa = PBXGroup;
			children = (
				02B684D62076182A002A8BD9 /* Builder */,
				02B684D220761808002A8BD9 /* View */,
				02B684D520761823002A8BD9 /* Router */,
				02B684D420761819002A8BD9 /* Interactor */,
				02B684D32076180F002A8BD9 /* Presenter */,
			);
			path = InitialModule;
			sourceTree = "<group>";
		};
		02B684D220761808002A8BD9 /* View */ = {
			isa = PBXGroup;
			children = (
				02B684D720761839002A8BD9 /* Layout */,
				02B6849D20761215002A8BD9 /* FeedListViewController.swift */,
				0239D2DA2079693C00F70FEF /* FeedListView.swift */,
			);
			path = View;
			sourceTree = "<group>";
		};
		02B684D32076180F002A8BD9 /* Presenter */ = {
			isa = PBXGroup;
			children = (
				02B684DF20761AB9002A8BD9 /* FeedListPresenter.swift */,
				02B684E820761B8C002A8BD9 /* FeedListPesentation.swift */,
			);
			path = Presenter;
			sourceTree = "<group>";
		};
		02B684D420761819002A8BD9 /* Interactor */ = {
			isa = PBXGroup;
			children = (
				02B684DD20761AAD002A8BD9 /* FeedListInteractor.swift */,
				02B684E620761B7F002A8BD9 /* FeedListUseCase.swift */,
			);
			path = Interactor;
			sourceTree = "<group>";
		};
		02B684D520761823002A8BD9 /* Router */ = {
			isa = PBXGroup;
			children = (
				02B684DB20761AA1002A8BD9 /* FeedListRouter.swift */,
				02B684E420761B69002A8BD9 /* FeedListWireframe.swift */,
			);
			path = Router;
			sourceTree = "<group>";
		};
		02B684D62076182A002A8BD9 /* Builder */ = {
			isa = PBXGroup;
			children = (
				02B684D920761A92002A8BD9 /* InitialListBuilder.swift */,
			);
			path = Builder;
			sourceTree = "<group>";
		};
		02B684D720761839002A8BD9 /* Layout */ = {
			isa = PBXGroup;
			children = (
				02FFCA5020765AB3004AA345 /* FeedTableViewCell.swift */,
			);
			path = Layout;
			sourceTree = "<group>";
		};
		02B684EA20762C73002A8BD9 /* BaseModule */ = {
			isa = PBXGroup;
			children = (
				02B684EE207647FF002A8BD9 /* Interactor */,
				02B684ED207647F8002A8BD9 /* Router */,
				02B684EC20762C8A002A8BD9 /* Presentation */,
			);
			path = BaseModule;
			sourceTree = "<group>";
		};
		02B684EC20762C8A002A8BD9 /* Presentation */ = {
			isa = PBXGroup;
			children = (
				02B684F02076485B002A8BD9 /* ViewPresentation.swift */,
			);
			path = Presentation;
			sourceTree = "<group>";
		};
		02B684ED207647F8002A8BD9 /* Router */ = {
			isa = PBXGroup;
			children = (
				02B684F220764967002A8BD9 /* Wireframe.swift */,
			);
			path = Router;
			sourceTree = "<group>";
		};
		02B684EE207647FF002A8BD9 /* Interactor */ = {
			isa = PBXGroup;
			children = (
				02B684F420764A0E002A8BD9 /* UseCase.swift */,
			);
			path = Interactor;
			sourceTree = "<group>";
		};
		02FFCA56207661F3004AA345 /* Extension */ = {
			isa = PBXGroup;
			children = (
				02FFCA5720766230004AA345 /* UIColor+Extension.swift */,
			);
			path = Extension;
			sourceTree = "<group>";
		};
		02FFCA592076B4A1004AA345 /* Entity */ = {
			isa = PBXGroup;
			children = (
				02FFCA5A2076B4C8004AA345 /* FeedModel.swift */,
				0239D2C72078014900F70FEF /* StoryModel.swift */,
			);
			path = Entity;
			sourceTree = "<group>";
		};
		44BA79C894C17A4E1AC40190 /* Frameworks */ = {
			isa = PBXGroup;
			children = (
				11EE2AB5986986FDAF528DBD /* Pods_Feeder.framework */,
				53B9FEDF479C4ACC765BE6FD /* Pods_FeederTests.framework */,
				3E893B60B6473F2361C5D844 /* Pods_FeederUITests.framework */,
			);
			name = Frameworks;
			sourceTree = "<group>";
		};
		777FD4CD412E81750B4CC39E /* Pods */ = {
			isa = PBXGroup;
			children = (
				B3B978F4FDF4BF679563C1C0 /* Pods-Feeder.debug.xcconfig */,
				D3B9E9B2C631A4E02C1E3BB4 /* Pods-Feeder.release.xcconfig */,
				4A7D68126E852493C23057F5 /* Pods-FeederTests.debug.xcconfig */,
				0423F713D899989356ECC3E9 /* Pods-FeederTests.release.xcconfig */,
				978899D4B0B1269B900656E7 /* Pods-FeederUITests.debug.xcconfig */,
				240264F057B6C30BD2CCC5F1 /* Pods-FeederUITests.release.xcconfig */,
			);
			name = Pods;
			sourceTree = "<group>";
		};
/* End PBXGroup section */

/* Begin PBXNativeTarget section */
		02B6849720761215002A8BD9 /* Feeder */ = {
			isa = PBXNativeTarget;
			buildConfigurationList = 02B684C320761216002A8BD9 /* Build configuration list for PBXNativeTarget "Feeder" */;
			buildPhases = (
				4EDBFA0A56F2BC7F88A908F8 /* [CP] Check Pods Manifest.lock */,
				02B6849420761215002A8BD9 /* Sources */,
				02B6849520761215002A8BD9 /* Frameworks */,
				02B6849620761215002A8BD9 /* Resources */,
				4284AD5BF27A252B88165141 /* [CP] Embed Pods Frameworks */,
			);
			buildRules = (
			);
			dependencies = (
			);
			name = Feeder;
			productName = Feeder;
			productReference = 02B6849820761215002A8BD9 /* Feeder.app */;
			productType = "com.apple.product-type.application";
		};
		02B684AE20761216002A8BD9 /* FeederTests */ = {
			isa = PBXNativeTarget;
			buildConfigurationList = 02B684C620761216002A8BD9 /* Build configuration list for PBXNativeTarget "FeederTests" */;
			buildPhases = (
				FF86C9CC3FBEE1D1B3CC6FCF /* [CP] Check Pods Manifest.lock */,
				02B684AB20761216002A8BD9 /* Sources */,
				02B684AC20761216002A8BD9 /* Frameworks */,
				02B684AD20761216002A8BD9 /* Resources */,
				691FD23229A2CC5BDC6C381B /* [CP] Embed Pods Frameworks */,
			);
			buildRules = (
			);
			dependencies = (
				02B684B120761216002A8BD9 /* PBXTargetDependency */,
			);
			name = FeederTests;
			productName = FeederTests;
			productReference = 02B684AF20761216002A8BD9 /* FeederTests.xctest */;
			productType = "com.apple.product-type.bundle.unit-test";
		};
		02B684B920761216002A8BD9 /* FeederUITests */ = {
			isa = PBXNativeTarget;
			buildConfigurationList = 02B684C920761216002A8BD9 /* Build configuration list for PBXNativeTarget "FeederUITests" */;
			buildPhases = (
				E7790B87C4DCAE8CF87D2752 /* [CP] Check Pods Manifest.lock */,
				02B684B620761216002A8BD9 /* Sources */,
				02B684B720761216002A8BD9 /* Frameworks */,
				02B684B820761216002A8BD9 /* Resources */,
			);
			buildRules = (
			);
			dependencies = (
				02B684BC20761216002A8BD9 /* PBXTargetDependency */,
			);
			name = FeederUITests;
			productName = FeederUITests;
			productReference = 02B684BA20761216002A8BD9 /* FeederUITests.xctest */;
			productType = "com.apple.product-type.bundle.ui-testing";
		};
/* End PBXNativeTarget section */

/* Begin PBXProject section */
		02B6849020761215002A8BD9 /* Project object */ = {
			isa = PBXProject;
			attributes = {
				LastSwiftUpdateCheck = 0930;
				LastUpgradeCheck = 0930;
				ORGANIZATIONNAME = "Sinisa Vukovic";
				TargetAttributes = {
					02B6849720761215002A8BD9 = {
						CreatedOnToolsVersion = 9.3;
					};
					02B684AE20761216002A8BD9 = {
						CreatedOnToolsVersion = 9.3;
						TestTargetID = 02B6849720761215002A8BD9;
					};
					02B684B920761216002A8BD9 = {
						CreatedOnToolsVersion = 9.3;
						TestTargetID = 02B6849720761215002A8BD9;
					};
				};
			};
			buildConfigurationList = 02B6849320761215002A8BD9 /* Build configuration list for PBXProject "Feeder" */;
			compatibilityVersion = "Xcode 9.3";
			developmentRegion = en;
			hasScannedForEncodings = 0;
			knownRegions = (
				en,
				Base,
			);
			mainGroup = 02B6848F20761215002A8BD9;
			productRefGroup = 02B6849920761215002A8BD9 /* Products */;
			projectDirPath = "";
			projectRoot = "";
			targets = (
				02B6849720761215002A8BD9 /* Feeder */,
				02B684AE20761216002A8BD9 /* FeederTests */,
				02B684B920761216002A8BD9 /* FeederUITests */,
			);
		};
/* End PBXProject section */

/* Begin PBXResourcesBuildPhase section */
		02B6849620761215002A8BD9 /* Resources */ = {
			isa = PBXResourcesBuildPhase;
			buildActionMask = 2147483647;
			files = (
				02B684A920761216002A8BD9 /* LaunchScreen.storyboard in Resources */,
				02B684A620761216002A8BD9 /* Assets.xcassets in Resources */,
				02B684A120761215002A8BD9 /* Stories.storyboard in Resources */,
			);
			runOnlyForDeploymentPostprocessing = 0;
		};
		02B684AD20761216002A8BD9 /* Resources */ = {
			isa = PBXResourcesBuildPhase;
			buildActionMask = 2147483647;
			files = (
			);
			runOnlyForDeploymentPostprocessing = 0;
		};
		02B684B820761216002A8BD9 /* Resources */ = {
			isa = PBXResourcesBuildPhase;
			buildActionMask = 2147483647;
			files = (
			);
			runOnlyForDeploymentPostprocessing = 0;
		};
/* End PBXResourcesBuildPhase section */

/* Begin PBXShellScriptBuildPhase section */
		4284AD5BF27A252B88165141 /* [CP] Embed Pods Frameworks */ = {
			isa = PBXShellScriptBuildPhase;
			buildActionMask = 2147483647;
			files = (
			);
			inputPaths = (
				"${SRCROOT}/Pods/Target Support Files/Pods-Feeder/Pods-Feeder-frameworks.sh",
				"${BUILT_PRODUCTS_DIR}/FeedKit/FeedKit.framework",
				"${BUILT_PRODUCTS_DIR}/RxCocoa/RxCocoa.framework",
				"${BUILT_PRODUCTS_DIR}/RxSwift/RxSwift.framework",
			);
			name = "[CP] Embed Pods Frameworks";
			outputPaths = (
				"${TARGET_BUILD_DIR}/${FRAMEWORKS_FOLDER_PATH}/FeedKit.framework",
				"${TARGET_BUILD_DIR}/${FRAMEWORKS_FOLDER_PATH}/RxCocoa.framework",
				"${TARGET_BUILD_DIR}/${FRAMEWORKS_FOLDER_PATH}/RxSwift.framework",
			);
			runOnlyForDeploymentPostprocessing = 0;
			shellPath = /bin/sh;
			shellScript = "\"${SRCROOT}/Pods/Target Support Files/Pods-Feeder/Pods-Feeder-frameworks.sh\"\n";
			showEnvVarsInLog = 0;
		};
		4EDBFA0A56F2BC7F88A908F8 /* [CP] Check Pods Manifest.lock */ = {
			isa = PBXShellScriptBuildPhase;
			buildActionMask = 2147483647;
			files = (
			);
			inputPaths = (
				"${PODS_PODFILE_DIR_PATH}/Podfile.lock",
				"${PODS_ROOT}/Manifest.lock",
			);
			name = "[CP] Check Pods Manifest.lock";
			outputPaths = (
				"$(DERIVED_FILE_DIR)/Pods-Feeder-checkManifestLockResult.txt",
			);
			runOnlyForDeploymentPostprocessing = 0;
			shellPath = /bin/sh;
			shellScript = "diff \"${PODS_PODFILE_DIR_PATH}/Podfile.lock\" \"${PODS_ROOT}/Manifest.lock\" > /dev/null\nif [ $? != 0 ] ; then\n    # print error to STDERR\n    echo \"error: The sandbox is not in sync with the Podfile.lock. Run 'pod install' or update your CocoaPods installation.\" >&2\n    exit 1\nfi\n# This output is used by Xcode 'outputs' to avoid re-running this script phase.\necho \"SUCCESS\" > \"${SCRIPT_OUTPUT_FILE_0}\"\n";
			showEnvVarsInLog = 0;
		};
		691FD23229A2CC5BDC6C381B /* [CP] Embed Pods Frameworks */ = {
			isa = PBXShellScriptBuildPhase;
			buildActionMask = 2147483647;
			files = (
			);
			inputPaths = (
				"${SRCROOT}/Pods/Target Support Files/Pods-FeederTests/Pods-FeederTests-frameworks.sh",
				"${BUILT_PRODUCTS_DIR}/FeedKit/FeedKit.framework",
				"${BUILT_PRODUCTS_DIR}/RxCocoa/RxCocoa.framework",
				"${BUILT_PRODUCTS_DIR}/RxSwift/RxSwift.framework",
			);
			name = "[CP] Embed Pods Frameworks";
			outputPaths = (
				"${TARGET_BUILD_DIR}/${FRAMEWORKS_FOLDER_PATH}/FeedKit.framework",
				"${TARGET_BUILD_DIR}/${FRAMEWORKS_FOLDER_PATH}/RxCocoa.framework",
				"${TARGET_BUILD_DIR}/${FRAMEWORKS_FOLDER_PATH}/RxSwift.framework",
			);
			runOnlyForDeploymentPostprocessing = 0;
			shellPath = /bin/sh;
			shellScript = "\"${SRCROOT}/Pods/Target Support Files/Pods-FeederTests/Pods-FeederTests-frameworks.sh\"\n";
			showEnvVarsInLog = 0;
		};
		E7790B87C4DCAE8CF87D2752 /* [CP] Check Pods Manifest.lock */ = {
			isa = PBXShellScriptBuildPhase;
			buildActionMask = 2147483647;
			files = (
			);
			inputPaths = (
				"${PODS_PODFILE_DIR_PATH}/Podfile.lock",
				"${PODS_ROOT}/Manifest.lock",
			);
			name = "[CP] Check Pods Manifest.lock";
			outputPaths = (
				"$(DERIVED_FILE_DIR)/Pods-FeederUITests-checkManifestLockResult.txt",
			);
			runOnlyForDeploymentPostprocessing = 0;
			shellPath = /bin/sh;
			shellScript = "diff \"${PODS_PODFILE_DIR_PATH}/Podfile.lock\" \"${PODS_ROOT}/Manifest.lock\" > /dev/null\nif [ $? != 0 ] ; then\n    # print error to STDERR\n    echo \"error: The sandbox is not in sync with the Podfile.lock. Run 'pod install' or update your CocoaPods installation.\" >&2\n    exit 1\nfi\n# This output is used by Xcode 'outputs' to avoid re-running this script phase.\necho \"SUCCESS\" > \"${SCRIPT_OUTPUT_FILE_0}\"\n";
			showEnvVarsInLog = 0;
		};
		FF86C9CC3FBEE1D1B3CC6FCF /* [CP] Check Pods Manifest.lock */ = {
			isa = PBXShellScriptBuildPhase;
			buildActionMask = 2147483647;
			files = (
			);
			inputPaths = (
				"${PODS_PODFILE_DIR_PATH}/Podfile.lock",
				"${PODS_ROOT}/Manifest.lock",
			);
			name = "[CP] Check Pods Manifest.lock";
			outputPaths = (
				"$(DERIVED_FILE_DIR)/Pods-FeederTests-checkManifestLockResult.txt",
			);
			runOnlyForDeploymentPostprocessing = 0;
			shellPath = /bin/sh;
			shellScript = "diff \"${PODS_PODFILE_DIR_PATH}/Podfile.lock\" \"${PODS_ROOT}/Manifest.lock\" > /dev/null\nif [ $? != 0 ] ; then\n    # print error to STDERR\n    echo \"error: The sandbox is not in sync with the Podfile.lock. Run 'pod install' or update your CocoaPods installation.\" >&2\n    exit 1\nfi\n# This output is used by Xcode 'outputs' to avoid re-running this script phase.\necho \"SUCCESS\" > \"${SCRIPT_OUTPUT_FILE_0}\"\n";
			showEnvVarsInLog = 0;
		};
/* End PBXShellScriptBuildPhase section */

/* Begin PBXSourcesBuildPhase section */
		02B6849420761215002A8BD9 /* Sources */ = {
			isa = PBXSourcesBuildPhase;
			buildActionMask = 2147483647;
			files = (
				02B684F12076485B002A8BD9 /* ViewPresentation.swift in Sources */,
				02FFCA5220765AB3004AA345 /* FeedTableViewCell.swift in Sources */,
				02B684E920761B8C002A8BD9 /* FeedListPesentation.swift in Sources */,
				0239D2E320796B0000F70FEF /* StoriesListInteractor.swift in Sources */,
				02FFCA5520765B56004AA345 /* Constant.swift in Sources */,
				02FFCA5820766230004AA345 /* UIColor+Extension.swift in Sources */,
				02B684E720761B7F002A8BD9 /* FeedListUseCase.swift in Sources */,
				0239D2C62077F7E700F70FEF /* Feed+Functions.swift in Sources */,
				02B684E020761AB9002A8BD9 /* FeedListPresenter.swift in Sources */,
				0239D2E720796BC700F70FEF /* StoriesListWireframe.swift in Sources */,
				02FFCA5B2076B4C8004AA345 /* FeedModel.swift in Sources */,
				02B684DA20761A92002A8BD9 /* InitialListBuilder.swift in Sources */,
				026088E02077720C00DC57BC /* ParseManager.swift in Sources */,
				0239D2CA2078096300F70FEF /* Story+Functions.swift in Sources */,
				02B684F320764967002A8BD9 /* Wireframe.swift in Sources */,
				0239D2DD2079697700F70FEF /* StoriesListPresentation.swift in Sources */,
				02B6849E20761215002A8BD9 /* FeedListViewController.swift in Sources */,
				02B684DC20761AA1002A8BD9 /* FeedListRouter.swift in Sources */,
				02B684E520761B69002A8BD9 /* FeedListWireframe.swift in Sources */,
				0239D2CC2078E31A00F70FEF /* DownloadService.swift in Sources */,
				02B684A420761215002A8BD9 /* Feeder.xcdatamodeld in Sources */,
				0239D2DB2079693D00F70FEF /* FeedListView.swift in Sources */,
				02B684F520764A0E002A8BD9 /* UseCase.swift in Sources */,
				0239D2D5207966DA00F70FEF /* StoriesListBuilder.swift in Sources */,
				02B6849C20761215002A8BD9 /* AppDelegate.swift in Sources */,
				0239D2E920796DB900F70FEF /* StoryListTableViewCell.swift in Sources */,
				0239D2E520796BA100F70FEF /* StoriesListRouter.swift in Sources */,
				0239D2E120796AD400F70FEF /* StoriesListUseCase.swift in Sources */,
				0239D2DF207969DF00F70FEF /* StoriesListPresenter.swift in Sources */,
				026088EA2077BBAD00DC57BC /* CoreDataManager.swift in Sources */,
				02B684DE20761AAD002A8BD9 /* FeedListInteractor.swift in Sources */,
				0239D2D72079672300F70FEF /* StoriesListViewController.swift in Sources */,
				0239D2C82078014900F70FEF /* StoryModel.swift in Sources */,
				0239D2D92079678800F70FEF /* StoriesListView.swift in Sources */,
			);
			runOnlyForDeploymentPostprocessing = 0;
		};
		02B684AB20761216002A8BD9 /* Sources */ = {
			isa = PBXSourcesBuildPhase;
			buildActionMask = 2147483647;
			files = (
				02B684B420761216002A8BD9 /* FeederTests.swift in Sources */,
			);
			runOnlyForDeploymentPostprocessing = 0;
		};
		02B684B620761216002A8BD9 /* Sources */ = {
			isa = PBXSourcesBuildPhase;
			buildActionMask = 2147483647;
			files = (
				02B684BF20761216002A8BD9 /* FeederUITests.swift in Sources */,
			);
			runOnlyForDeploymentPostprocessing = 0;
		};
/* End PBXSourcesBuildPhase section */

/* Begin PBXTargetDependency section */
		02B684B120761216002A8BD9 /* PBXTargetDependency */ = {
			isa = PBXTargetDependency;
			target = 02B6849720761215002A8BD9 /* Feeder */;
			targetProxy = 02B684B020761216002A8BD9 /* PBXContainerItemProxy */;
		};
		02B684BC20761216002A8BD9 /* PBXTargetDependency */ = {
			isa = PBXTargetDependency;
			target = 02B6849720761215002A8BD9 /* Feeder */;
			targetProxy = 02B684BB20761216002A8BD9 /* PBXContainerItemProxy */;
		};
/* End PBXTargetDependency section */

/* Begin PBXVariantGroup section */
		02B6849F20761215002A8BD9 /* Stories.storyboard */ = {
			isa = PBXVariantGroup;
			children = (
				02B684A020761215002A8BD9 /* Base */,
			);
			name = Stories.storyboard;
			sourceTree = "<group>";
		};
		02B684A720761216002A8BD9 /* LaunchScreen.storyboard */ = {
			isa = PBXVariantGroup;
			children = (
				02B684A820761216002A8BD9 /* Base */,
			);
			name = LaunchScreen.storyboard;
			sourceTree = "<group>";
		};
/* End PBXVariantGroup section */

/* Begin XCBuildConfiguration section */
		02B684C120761216002A8BD9 /* Debug */ = {
			isa = XCBuildConfiguration;
			buildSettings = {
				ALWAYS_SEARCH_USER_PATHS = NO;
				CLANG_ANALYZER_NONNULL = YES;
				CLANG_ANALYZER_NUMBER_OBJECT_CONVERSION = YES_AGGRESSIVE;
				CLANG_CXX_LANGUAGE_STANDARD = "gnu++14";
				CLANG_CXX_LIBRARY = "libc++";
				CLANG_ENABLE_MODULES = YES;
				CLANG_ENABLE_OBJC_ARC = YES;
				CLANG_ENABLE_OBJC_WEAK = YES;
				CLANG_WARN_BLOCK_CAPTURE_AUTORELEASING = YES;
				CLANG_WARN_BOOL_CONVERSION = YES;
				CLANG_WARN_COMMA = YES;
				CLANG_WARN_CONSTANT_CONVERSION = YES;
				CLANG_WARN_DEPRECATED_OBJC_IMPLEMENTATIONS = YES;
				CLANG_WARN_DIRECT_OBJC_ISA_USAGE = YES_ERROR;
				CLANG_WARN_DOCUMENTATION_COMMENTS = YES;
				CLANG_WARN_EMPTY_BODY = YES;
				CLANG_WARN_ENUM_CONVERSION = YES;
				CLANG_WARN_INFINITE_RECURSION = YES;
				CLANG_WARN_INT_CONVERSION = YES;
				CLANG_WARN_NON_LITERAL_NULL_CONVERSION = YES;
				CLANG_WARN_OBJC_IMPLICIT_RETAIN_SELF = YES;
				CLANG_WARN_OBJC_LITERAL_CONVERSION = YES;
				CLANG_WARN_OBJC_ROOT_CLASS = YES_ERROR;
				CLANG_WARN_RANGE_LOOP_ANALYSIS = YES;
				CLANG_WARN_STRICT_PROTOTYPES = YES;
				CLANG_WARN_SUSPICIOUS_MOVE = YES;
				CLANG_WARN_UNGUARDED_AVAILABILITY = YES_AGGRESSIVE;
				CLANG_WARN_UNREACHABLE_CODE = YES;
				CLANG_WARN__DUPLICATE_METHOD_MATCH = YES;
				CODE_SIGN_IDENTITY = "iPhone Developer";
				COPY_PHASE_STRIP = NO;
				DEBUG_INFORMATION_FORMAT = dwarf;
				ENABLE_STRICT_OBJC_MSGSEND = YES;
				ENABLE_TESTABILITY = YES;
				GCC_C_LANGUAGE_STANDARD = gnu11;
				GCC_DYNAMIC_NO_PIC = NO;
				GCC_NO_COMMON_BLOCKS = YES;
				GCC_OPTIMIZATION_LEVEL = 0;
				GCC_PREPROCESSOR_DEFINITIONS = (
					"DEBUG=1",
					"$(inherited)",
				);
				GCC_WARN_64_TO_32_BIT_CONVERSION = YES;
				GCC_WARN_ABOUT_RETURN_TYPE = YES_ERROR;
				GCC_WARN_UNDECLARED_SELECTOR = YES;
				GCC_WARN_UNINITIALIZED_AUTOS = YES_AGGRESSIVE;
				GCC_WARN_UNUSED_FUNCTION = YES;
				GCC_WARN_UNUSED_VARIABLE = YES;
				IPHONEOS_DEPLOYMENT_TARGET = 11.3;
				MTL_ENABLE_DEBUG_INFO = YES;
				ONLY_ACTIVE_ARCH = YES;
				SDKROOT = iphoneos;
				SWIFT_ACTIVE_COMPILATION_CONDITIONS = DEBUG;
				SWIFT_OPTIMIZATION_LEVEL = "-Onone";
			};
			name = Debug;
		};
		02B684C220761216002A8BD9 /* Release */ = {
			isa = XCBuildConfiguration;
			buildSettings = {
				ALWAYS_SEARCH_USER_PATHS = NO;
				CLANG_ANALYZER_NONNULL = YES;
				CLANG_ANALYZER_NUMBER_OBJECT_CONVERSION = YES_AGGRESSIVE;
				CLANG_CXX_LANGUAGE_STANDARD = "gnu++14";
				CLANG_CXX_LIBRARY = "libc++";
				CLANG_ENABLE_MODULES = YES;
				CLANG_ENABLE_OBJC_ARC = YES;
				CLANG_ENABLE_OBJC_WEAK = YES;
				CLANG_WARN_BLOCK_CAPTURE_AUTORELEASING = YES;
				CLANG_WARN_BOOL_CONVERSION = YES;
				CLANG_WARN_COMMA = YES;
				CLANG_WARN_CONSTANT_CONVERSION = YES;
				CLANG_WARN_DEPRECATED_OBJC_IMPLEMENTATIONS = YES;
				CLANG_WARN_DIRECT_OBJC_ISA_USAGE = YES_ERROR;
				CLANG_WARN_DOCUMENTATION_COMMENTS = YES;
				CLANG_WARN_EMPTY_BODY = YES;
				CLANG_WARN_ENUM_CONVERSION = YES;
				CLANG_WARN_INFINITE_RECURSION = YES;
				CLANG_WARN_INT_CONVERSION = YES;
				CLANG_WARN_NON_LITERAL_NULL_CONVERSION = YES;
				CLANG_WARN_OBJC_IMPLICIT_RETAIN_SELF = YES;
				CLANG_WARN_OBJC_LITERAL_CONVERSION = YES;
				CLANG_WARN_OBJC_ROOT_CLASS = YES_ERROR;
				CLANG_WARN_RANGE_LOOP_ANALYSIS = YES;
				CLANG_WARN_STRICT_PROTOTYPES = YES;
				CLANG_WARN_SUSPICIOUS_MOVE = YES;
				CLANG_WARN_UNGUARDED_AVAILABILITY = YES_AGGRESSIVE;
				CLANG_WARN_UNREACHABLE_CODE = YES;
				CLANG_WARN__DUPLICATE_METHOD_MATCH = YES;
				CODE_SIGN_IDENTITY = "iPhone Developer";
				COPY_PHASE_STRIP = NO;
				DEBUG_INFORMATION_FORMAT = "dwarf-with-dsym";
				ENABLE_NS_ASSERTIONS = NO;
				ENABLE_STRICT_OBJC_MSGSEND = YES;
				GCC_C_LANGUAGE_STANDARD = gnu11;
				GCC_NO_COMMON_BLOCKS = YES;
				GCC_WARN_64_TO_32_BIT_CONVERSION = YES;
				GCC_WARN_ABOUT_RETURN_TYPE = YES_ERROR;
				GCC_WARN_UNDECLARED_SELECTOR = YES;
				GCC_WARN_UNINITIALIZED_AUTOS = YES_AGGRESSIVE;
				GCC_WARN_UNUSED_FUNCTION = YES;
				GCC_WARN_UNUSED_VARIABLE = YES;
				IPHONEOS_DEPLOYMENT_TARGET = 11.3;
				MTL_ENABLE_DEBUG_INFO = NO;
				SDKROOT = iphoneos;
				SWIFT_COMPILATION_MODE = wholemodule;
				SWIFT_OPTIMIZATION_LEVEL = "-O";
				VALIDATE_PRODUCT = YES;
			};
			name = Release;
		};
		02B684C420761216002A8BD9 /* Debug */ = {
			isa = XCBuildConfiguration;
			baseConfigurationReference = B3B978F4FDF4BF679563C1C0 /* Pods-Feeder.debug.xcconfig */;
			buildSettings = {
				ASSETCATALOG_COMPILER_APPICON_NAME = AppIcon;
				CODE_SIGN_STYLE = Automatic;
				DEVELOPMENT_TEAM = ADN69MSHGQ;
				INFOPLIST_FILE = "$(SRCROOT)/Feeder/ConvFiles/Info.plist";
				LD_RUNPATH_SEARCH_PATHS = (
					"$(inherited)",
					"@executable_path/Frameworks",
				);
				PRODUCT_BUNDLE_IDENTIFIER = com.sinisa.feeder.Feeder;
				PRODUCT_NAME = "$(TARGET_NAME)";
				SWIFT_VERSION = 4.0;
				TARGETED_DEVICE_FAMILY = "1,2";
			};
			name = Debug;
		};
		02B684C520761216002A8BD9 /* Release */ = {
			isa = XCBuildConfiguration;
			baseConfigurationReference = D3B9E9B2C631A4E02C1E3BB4 /* Pods-Feeder.release.xcconfig */;
			buildSettings = {
				ASSETCATALOG_COMPILER_APPICON_NAME = AppIcon;
				CODE_SIGN_STYLE = Automatic;
				DEVELOPMENT_TEAM = ADN69MSHGQ;
				INFOPLIST_FILE = "$(SRCROOT)/Feeder/ConvFiles/Info.plist";
				LD_RUNPATH_SEARCH_PATHS = (
					"$(inherited)",
					"@executable_path/Frameworks",
				);
				PRODUCT_BUNDLE_IDENTIFIER = com.sinisa.feeder.Feeder;
				PRODUCT_NAME = "$(TARGET_NAME)";
				SWIFT_VERSION = 4.0;
				TARGETED_DEVICE_FAMILY = "1,2";
			};
			name = Release;
		};
		02B684C720761216002A8BD9 /* Debug */ = {
			isa = XCBuildConfiguration;
			baseConfigurationReference = 4A7D68126E852493C23057F5 /* Pods-FeederTests.debug.xcconfig */;
			buildSettings = {
				ALWAYS_EMBED_SWIFT_STANDARD_LIBRARIES = YES;
				BUNDLE_LOADER = "$(TEST_HOST)";
				CODE_SIGN_STYLE = Automatic;
				DEVELOPMENT_TEAM = ADN69MSHGQ;
				INFOPLIST_FILE = FeederTests/Info.plist;
				LD_RUNPATH_SEARCH_PATHS = (
					"$(inherited)",
					"@executable_path/Frameworks",
					"@loader_path/Frameworks",
				);
				PRODUCT_BUNDLE_IDENTIFIER = com.sinisa.feeder.FeederTests;
				PRODUCT_NAME = "$(TARGET_NAME)";
				SWIFT_VERSION = 4.0;
				TARGETED_DEVICE_FAMILY = "1,2";
				TEST_HOST = "$(BUILT_PRODUCTS_DIR)/Feeder.app/Feeder";
			};
			name = Debug;
		};
		02B684C820761216002A8BD9 /* Release */ = {
			isa = XCBuildConfiguration;
			baseConfigurationReference = 0423F713D899989356ECC3E9 /* Pods-FeederTests.release.xcconfig */;
			buildSettings = {
				ALWAYS_EMBED_SWIFT_STANDARD_LIBRARIES = YES;
				BUNDLE_LOADER = "$(TEST_HOST)";
				CODE_SIGN_STYLE = Automatic;
				DEVELOPMENT_TEAM = ADN69MSHGQ;
				INFOPLIST_FILE = FeederTests/Info.plist;
				LD_RUNPATH_SEARCH_PATHS = (
					"$(inherited)",
					"@executable_path/Frameworks",
					"@loader_path/Frameworks",
				);
				PRODUCT_BUNDLE_IDENTIFIER = com.sinisa.feeder.FeederTests;
				PRODUCT_NAME = "$(TARGET_NAME)";
				SWIFT_VERSION = 4.0;
				TARGETED_DEVICE_FAMILY = "1,2";
				TEST_HOST = "$(BUILT_PRODUCTS_DIR)/Feeder.app/Feeder";
			};
			name = Release;
		};
		02B684CA20761216002A8BD9 /* Debug */ = {
			isa = XCBuildConfiguration;
			baseConfigurationReference = 978899D4B0B1269B900656E7 /* Pods-FeederUITests.debug.xcconfig */;
			buildSettings = {
				ALWAYS_EMBED_SWIFT_STANDARD_LIBRARIES = YES;
				CODE_SIGN_STYLE = Automatic;
				DEVELOPMENT_TEAM = ADN69MSHGQ;
				INFOPLIST_FILE = FeederUITests/Info.plist;
				LD_RUNPATH_SEARCH_PATHS = (
					"$(inherited)",
					"@executable_path/Frameworks",
					"@loader_path/Frameworks",
				);
				PRODUCT_BUNDLE_IDENTIFIER = com.sinisa.feeder.FeederUITests;
				PRODUCT_NAME = "$(TARGET_NAME)";
				SWIFT_VERSION = 4.0;
				TARGETED_DEVICE_FAMILY = "1,2";
				TEST_TARGET_NAME = Feeder;
			};
			name = Debug;
		};
		02B684CB20761216002A8BD9 /* Release */ = {
			isa = XCBuildConfiguration;
			baseConfigurationReference = 240264F057B6C30BD2CCC5F1 /* Pods-FeederUITests.release.xcconfig */;
			buildSettings = {
				ALWAYS_EMBED_SWIFT_STANDARD_LIBRARIES = YES;
				CODE_SIGN_STYLE = Automatic;
				DEVELOPMENT_TEAM = ADN69MSHGQ;
				INFOPLIST_FILE = FeederUITests/Info.plist;
				LD_RUNPATH_SEARCH_PATHS = (
					"$(inherited)",
					"@executable_path/Frameworks",
					"@loader_path/Frameworks",
				);
				PRODUCT_BUNDLE_IDENTIFIER = com.sinisa.feeder.FeederUITests;
				PRODUCT_NAME = "$(TARGET_NAME)";
				SWIFT_VERSION = 4.0;
				TARGETED_DEVICE_FAMILY = "1,2";
				TEST_TARGET_NAME = Feeder;
			};
			name = Release;
		};
/* End XCBuildConfiguration section */

/* Begin XCConfigurationList section */
		02B6849320761215002A8BD9 /* Build configuration list for PBXProject "Feeder" */ = {
			isa = XCConfigurationList;
			buildConfigurations = (
				02B684C120761216002A8BD9 /* Debug */,
				02B684C220761216002A8BD9 /* Release */,
			);
			defaultConfigurationIsVisible = 0;
			defaultConfigurationName = Release;
		};
		02B684C320761216002A8BD9 /* Build configuration list for PBXNativeTarget "Feeder" */ = {
			isa = XCConfigurationList;
			buildConfigurations = (
				02B684C420761216002A8BD9 /* Debug */,
				02B684C520761216002A8BD9 /* Release */,
			);
			defaultConfigurationIsVisible = 0;
			defaultConfigurationName = Release;
		};
		02B684C620761216002A8BD9 /* Build configuration list for PBXNativeTarget "FeederTests" */ = {
			isa = XCConfigurationList;
			buildConfigurations = (
				02B684C720761216002A8BD9 /* Debug */,
				02B684C820761216002A8BD9 /* Release */,
			);
			defaultConfigurationIsVisible = 0;
			defaultConfigurationName = Release;
		};
		02B684C920761216002A8BD9 /* Build configuration list for PBXNativeTarget "FeederUITests" */ = {
			isa = XCConfigurationList;
			buildConfigurations = (
				02B684CA20761216002A8BD9 /* Debug */,
				02B684CB20761216002A8BD9 /* Release */,
			);
			defaultConfigurationIsVisible = 0;
			defaultConfigurationName = Release;
		};
/* End XCConfigurationList section */

/* Begin XCVersionGroup section */
		02B684A220761215002A8BD9 /* Feeder.xcdatamodeld */ = {
			isa = XCVersionGroup;
			children = (
				02B684A320761215002A8BD9 /* Feeder.xcdatamodel */,
			);
			currentVersion = 02B684A320761215002A8BD9 /* Feeder.xcdatamodel */;
			path = Feeder.xcdatamodeld;
			sourceTree = "<group>";
			versionGroupType = wrapper.xcdatamodel;
		};
/* End XCVersionGroup section */
	};
	rootObject = 02B6849020761215002A8BD9 /* Project object */;
}
